
Microsoft Visual Studio Solution File, Format Version 12.00
# Visual Studio 2012
Project("{FAE04EC0-301F-11D3-BF4B-00C04F79EFBC}") = "Game1", "Game1\Game1.csproj", "{66BB9313-4D61-47ED-AB49-4EDB9CE694E8}"
EndProject
Project("{2150E333-8FDC-42A3-9474-1A3956D46DE8}") = "Solution Items", "Solution Items", "{52404AB7-AE76-48BF-B71B-9C317A160754}"
	ProjectSection(SolutionItems) = preProject
		readme.md = readme.md
	EndProjectSection
EndProject
Global
	GlobalSection(SolutionConfigurationPlatforms) = preSolution
		Debug|x86 = Debug|x86
		Release|x86 = Release|x86
	EndGlobalSection
	GlobalSection(ProjectConfigurationPlatforms) = postSolution
		{66BB9313-4D61-47ED-AB49-4EDB9CE694E8}.Debug|x86.ActiveCfg = Debug|x86
		{66BB9313-4D61-47ED-AB49-4EDB9CE694E8}.Debug|x86.Build.0 = Debug|x86
		{66BB9313-4D61-47ED-AB49-4EDB9CE694E8}.Release|x86.ActiveCfg = Release|x86
		{66BB9313-4D61-47ED-AB49-4EDB9CE694E8}.Release|x86.Build.0 = Release|x86
	EndGlobalSection
	GlobalSection(NestedProjects) = preSolution
	EndGlobalSection
EndGlobal
